# This file is automatically @generated by Cargo.
# It is not intended for manual editing.
version = 4

[[package]]
name = "libm"
version = "0.2.11"
source = "registry+https://github.com/rust-lang/crates.io-index"
checksum = "8355be11b20d696c8f18f6cc018c4e372165b1fa8126cef092399c9951984ffa"

[[package]]
name = "shared"
version = "0.1.0"
dependencies = [
 "simple_vector2",
]

[[package]]
name = "simple_vector2"
version = "2.1.4"
source = "registry+https://github.com/rust-lang/crates.io-index"
checksum = "5cf8e63eb6791617c5bed520e3007067d1779bc0276e3f595b25ce05891021dc"
dependencies = [
 "libm",
]
